{
  "name": "my-project",
  "lockfileVersion": 3,
  "requires": true,
  "packages": {
    "": {
      "dependencies": {
        "purs-tidy": "^0.11.0"
      }
    },
    "node_modules/purs-tidy": {
      "version": "0.11.0",
      "resolved": "https://registry.npmjs.org/purs-tidy/-/purs-tidy-0.11.0.tgz",
      "integrity": "sha512-HZ8AS6J7Ka2YVl6Gr/H5NV17TU10yGYUTxVwRd5tKuwsVdFZewXSzZ/HTpWrkhdR2gxSVk0BdnpJhyu//oRc+w==",
      "license": "MIT",
      "bin": {
        "purs-tidy": "bin/index.js"
      }
    }
  }
}
